
Microsoft Visual Studio Solution File, Format Version 12.00
# Visual Studio Version 16
VisualStudioVersion = 16.0.31424.327
MinimumVisualStudioVersion = 10.0.40219.1
Project("{2150E333-8FDC-42A3-9474-1A3956D46DE8}") = "Times", "Times", "{BD153984-59BF-4B2E-8732-3068D54F4529}"
EndProject
Project("{FAE04EC0-301F-11D3-BF4B-00C04F79EFBC}") = "DualTimers", "Times\DualTimers\DualTimers.csproj", "{DA16AC3B-22BA-4EBF-B027-B647AC493145}"
EndProject
Global
	GlobalSection(SolutionConfigurationPlatforms) = preSolution
		Debug|Any CPU = Debug|Any CPU
		Release|Any CPU = Release|Any CPU
	EndGlobalSection
	GlobalSection(ProjectConfigurationPlatforms) = postSolution
		{DA16AC3B-22BA-4EBF-B027-B647AC493145}.Debug|Any CPU.ActiveCfg = Debug|Any CPU
		{DA16AC3B-22BA-4EBF-B027-B647AC493145}.Debug|Any CPU.Build.0 = Debug|Any CPU
		{DA16AC3B-22BA-4EBF-B027-B647AC493145}.Release|Any CPU.ActiveCfg = Release|Any CPU
		{DA16AC3B-22BA-4EBF-B027-B647AC493145}.Release|Any CPU.Build.0 = Release|Any CPU
	EndGlobalSection
	GlobalSection(SolutionProperties) = preSolution
		HideSolutionNode = FALSE
	EndGlobalSection
	GlobalSection(NestedProjects) = preSolution
		{DA16AC3B-22BA-4EBF-B027-B647AC493145} = {BD153984-59BF-4B2E-8732-3068D54F4529}
	EndGlobalSection
	GlobalSection(ExtensibilityGlobals) = postSolution
		SolutionGuid = {41FC862A-5922-473A-9600-37F8A5BAC74D}
	EndGlobalSection
EndGlobal
